// !$*UTF8*$!
{
	archiveVersion = 1;
	classes = {
	};
	objectVersion = 77;
	objects = {

/* Begin PBXContainerItemProxy section */
		9F6EC6542E4DCC8600E11424 /* PBXContainerItemProxy */ = {
			isa = PBXContainerItemProxy;
			containerPortal = 9F6EC6352E4DCC8400E11424 /* Project object */;
			proxyType = 1;
			remoteGlobalIDString = 9F6EC63C2E4DCC8400E11424;
			remoteInfo = "Jip-coon";
		};
		9F6EC65E2E4DCC8600E11424 /* PBXContainerItemProxy */ = {
			isa = PBXContainerItemProxy;
			containerPortal = 9F6EC6352E4DCC8400E11424 /* Project object */;
			proxyType = 1;
			remoteGlobalIDString = 9F6EC63C2E4DCC8400E11424;
			remoteInfo = "Jip-coon";
		};
/* End PBXContainerItemProxy section */

/* Begin PBXFileReference section */
		9F6EC63D2E4DCC8400E11424 /* Jip-coon.app */ = {isa = PBXFileReference; explicitFileType = wrapper.application; includeInIndex = 0; path = "Jip-coon.app"; sourceTree = BUILT_PRODUCTS_DIR; };
		9F6EC6532E4DCC8600E11424 /* Jip-coonTests.xctest */ = {isa = PBXFileReference; explicitFileType = wrapper.cfbundle; includeInIndex = 0; path = "Jip-coonTests.xctest"; sourceTree = BUILT_PRODUCTS_DIR; };
		9F6EC65D2E4DCC8600E11424 /* Jip-coonUITests.xctest */ = {isa = PBXFileReference; explicitFileType = wrapper.cfbundle; includeInIndex = 0; path = "Jip-coonUITests.xctest"; sourceTree = BUILT_PRODUCTS_DIR; };
/* End PBXFileReference section */

/* Begin PBXFileSystemSynchronizedBuildFileExceptionSet section */
		9F6EC6652E4DCC8600E11424 /* Exceptions for "Jip-coon" folder in "Jip-coon" target */ = {
			isa = PBXFileSystemSynchronizedBuildFileExceptionSet;
			membershipExceptions = (
				Info.plist,
			);
			target = 9F6EC63C2E4DCC8400E11424 /* Jip-coon */;
		};
/* End PBXFileSystemSynchronizedBuildFileExceptionSet section */

/* Begin PBXFileSystemSynchronizedRootGroup section */
		9F6EC63F2E4DCC8400E11424 /* Jip-coon */ = {
			isa = PBXFileSystemSynchronizedRootGroup;
			exceptions = (
				9F6EC6652E4DCC8600E11424 /* Exceptions for "Jip-coon" folder in "Jip-coon" target */,
			);
			path = "Jip-coon";
			sourceTree = "<group>";
		};
		9F6EC6562E4DCC8600E11424 /* Jip-coonTests */ = {
			isa = PBXFileSystemSynchronizedRootGroup;
			path = "Jip-coonTests";
			sourceTree = "<group>";
		};
		9F6EC6602E4DCC8600E11424 /* Jip-coonUITests */ = {
			isa = PBXFileSystemSynchronizedRootGroup;
			path = "Jip-coonUITests";
			sourceTree = "<group>";
		};
/* End PBXFileSystemSynchronizedRootGroup section */

/* Begin PBXFrameworksBuildPhase section */
		9F6EC63A2E4DCC8400E11424 /* Frameworks */ = {
			isa = PBXFrameworksBuildPhase;
			buildActionMask = 2147483647;
			files = (
			);
			runOnlyForDeploymentPostprocessing = 0;
		};
		9F6EC6502E4DCC8600E11424 /* Frameworks */ = {
			isa = PBXFrameworksBuildPhase;
			buildActionMask = 2147483647;
			files = (
			);
			runOnlyForDeploymentPostprocessing = 0;
		};
		9F6EC65A2E4DCC8600E11424 /* Frameworks */ = {
			isa = PBXFrameworksBuildPhase;
			buildActionMask = 2147483647;
			files = (
			);
			runOnlyForDeploymentPostprocessing = 0;
		};
/* End PBXFrameworksBuildPhase section */

/* Begin PBXGroup section */
		9F6EC6342E4DCC8400E11424 = {
			isa = PBXGroup;
			children = (
				9F6EC63F2E4DCC8400E11424 /* Jip-coon */,
				9F6EC6562E4DCC8600E11424 /* Jip-coonTests */,
				9F6EC6602E4DCC8600E11424 /* Jip-coonUITests */,
				9F6EC63E2E4DCC8400E11424 /* Products */,
			);
			sourceTree = "<group>";
		};
		9F6EC63E2E4DCC8400E11424 /* Products */ = {
			isa = PBXGroup;
			children = (
				9F6EC63D2E4DCC8400E11424 /* Jip-coon.app */,
				9F6EC6532E4DCC8600E11424 /* Jip-coonTests.xctest */,
				9F6EC65D2E4DCC8600E11424 /* Jip-coonUITests.xctest */,
			);
			name = Products;
			sourceTree = "<group>";
		};
/* End PBXGroup section */

/* Begin PBXNativeTarget section */
		9F6EC63C2E4DCC8400E11424 /* Jip-coon */ = {
			isa = PBXNativeTarget;
			buildConfigurationList = 9F6EC6662E4DCC8600E11424 /* Build configuration list for PBXNativeTarget "Jip-coon" */;
			buildPhases = (
				9F6EC6392E4DCC8400E11424 /* Sources */,
				9F6EC63A2E4DCC8400E11424 /* Frameworks */,
				9F6EC63B2E4DCC8400E11424 /* Resources */,
			);
			buildRules = (
			);
			dependencies = (
			);
			fileSystemSynchronizedGroups = (
				9F6EC63F2E4DCC8400E11424 /* Jip-coon */,
			);
			name = "Jip-coon";
			packageProductDependencies = (
			);
			productName = "Jip-coon";
			productReference = 9F6EC63D2E4DCC8400E11424 /* Jip-coon.app */;
			productType = "com.apple.product-type.application";
		};
		9F6EC6522E4DCC8600E11424 /* Jip-coonTests */ = {
			isa = PBXNativeTarget;
			buildConfigurationList = 9F6EC66B2E4DCC8600E11424 /* Build configuration list for PBXNativeTarget "Jip-coonTests" */;
			buildPhases = (
				9F6EC64F2E4DCC8600E11424 /* Sources */,
				9F6EC6502E4DCC8600E11424 /* Frameworks */,
				9F6EC6512E4DCC8600E11424 /* Resources */,
			);
			buildRules = (
			);
			dependencies = (
				9F6EC6552E4DCC8600E11424 /* PBXTargetDependency */,
			);
			fileSystemSynchronizedGroups = (
				9F6EC6562E4DCC8600E11424 /* Jip-coonTests */,
			);
			name = "Jip-coonTests";
			packageProductDependencies = (
			);
			productName = "Jip-coonTests";
			productReference = 9F6EC6532E4DCC8600E11424 /* Jip-coonTests.xctest */;
			productType = "com.apple.product-type.bundle.unit-test";
		};
		9F6EC65C2E4DCC8600E11424 /* Jip-coonUITests */ = {
			isa = PBXNativeTarget;
			buildConfigurationList = 9F6EC66E2E4DCC8600E11424 /* Build configuration list for PBXNativeTarget "Jip-coonUITests" */;
			buildPhases = (
				9F6EC6592E4DCC8600E11424 /* Sources */,
				9F6EC65A2E4DCC8600E11424 /* Frameworks */,
				9F6EC65B2E4DCC8600E11424 /* Resources */,
			);
			buildRules = (
			);
			dependencies = (
				9F6EC65F2E4DCC8600E11424 /* PBXTargetDependency */,
			);
			fileSystemSynchronizedGroups = (
				9F6EC6602E4DCC8600E11424 /* Jip-coonUITests */,
			);
			name = "Jip-coonUITests";
			packageProductDependencies = (
			);
			productName = "Jip-coonUITests";
			productReference = 9F6EC65D2E4DCC8600E11424 /* Jip-coonUITests.xctest */;
			productType = "com.apple.product-type.bundle.ui-testing";
		};
/* End PBXNativeTarget section */

/* Begin PBXProject section */
		9F6EC6352E4DCC8400E11424 /* Project object */ = {
			isa = PBXProject;
			attributes = {
				BuildIndependentTargetsInParallel = 1;
				LastSwiftUpdateCheck = 1640;
				LastUpgradeCheck = 1640;
				TargetAttributes = {
					9F6EC63C2E4DCC8400E11424 = {
						CreatedOnToolsVersion = 16.4;
					};
					9F6EC6522E4DCC8600E11424 = {
						CreatedOnToolsVersion = 16.4;
						TestTargetID = 9F6EC63C2E4DCC8400E11424;
					};
					9F6EC65C2E4DCC8600E11424 = {
						CreatedOnToolsVersion = 16.4;
						TestTargetID = 9F6EC63C2E4DCC8400E11424;
					};
				};
			};
			buildConfigurationList = 9F6EC6382E4DCC8400E11424 /* Build configuration list for PBXProject "Jip-coon" */;
			developmentRegion = en;
			hasScannedForEncodings = 0;
			knownRegions = (
				en,
				Base,
			);
			mainGroup = 9F6EC6342E4DCC8400E11424;
			minimizedProjectReferenceProxies = 1;
			preferredProjectObjectVersion = 77;
			productRefGroup = 9F6EC63E2E4DCC8400E11424 /* Products */;
			projectDirPath = "";
			projectRoot = "";
			targets = (
				9F6EC63C2E4DCC8400E11424 /* Jip-coon */,
				9F6EC6522E4DCC8600E11424 /* Jip-coonTests */,
				9F6EC65C2E4DCC8600E11424 /* Jip-coonUITests */,
			);
		};
/* End PBXProject section */

/* Begin PBXResourcesBuildPhase section */
		9F6EC63B2E4DCC8400E11424 /* Resources */ = {
			isa = PBXResourcesBuildPhase;
			buildActionMask = 2147483647;
			files = (
			);
			runOnlyForDeploymentPostprocessing = 0;
		};
		9F6EC6512E4DCC8600E11424 /* Resources */ = {
			isa = PBXResourcesBuildPhase;
			buildActionMask = 2147483647;
			files = (
			);
			runOnlyForDeploymentPostprocessing = 0;
		};
		9F6EC65B2E4DCC8600E11424 /* Resources */ = {
			isa = PBXResourcesBuildPhase;
			buildActionMask = 2147483647;
			files = (
			);
			runOnlyForDeploymentPostprocessing = 0;
		};
/* End PBXResourcesBuildPhase section */

/* Begin PBXSourcesBuildPhase section */
		9F6EC6392E4DCC8400E11424 /* Sources */ = {
			isa = PBXSourcesBuildPhase;
			buildActionMask = 2147483647;
			files = (
			);
			runOnlyForDeploymentPostprocessing = 0;
		};
		9F6EC64F2E4DCC8600E11424 /* Sources */ = {
			isa = PBXSourcesBuildPhase;
			buildActionMask = 2147483647;
			files = (
			);
			runOnlyForDeploymentPostprocessing = 0;
		};
		9F6EC6592E4DCC8600E11424 /* Sources */ = {
			isa = PBXSourcesBuildPhase;
			buildActionMask = 2147483647;
			files = (
			);
			runOnlyForDeploymentPostprocessing = 0;
		};
/* End PBXSourcesBuildPhase section */

/* Begin PBXTargetDependency section */
		9F6EC6552E4DCC8600E11424 /* PBXTargetDependency */ = {
			isa = PBXTargetDependency;
			target = 9F6EC63C2E4DCC8400E11424 /* Jip-coon */;
			targetProxy = 9F6EC6542E4DCC8600E11424 /* PBXContainerItemProxy */;
		};
		9F6EC65F2E4DCC8600E11424 /* PBXTargetDependency */ = {
			isa = PBXTargetDependency;
			target = 9F6EC63C2E4DCC8400E11424 /* Jip-coon */;
			targetProxy = 9F6EC65E2E4DCC8600E11424 /* PBXContainerItemProxy */;
		};
/* End PBXTargetDependency section */

/* Begin XCBuildConfiguration section */
		9F6EC6672E4DCC8600E11424 /* Debug */ = {
			isa = XCBuildConfiguration;
			buildSettings = {
				ASSETCATALOG_COMPILER_APPICON_NAME = AppIcon;
				ASSETCATALOG_COMPILER_GLOBAL_ACCENT_COLOR_NAME = AccentColor;
				CODE_SIGN_STYLE = Automatic;
				CURRENT_PROJECT_VERSION = 1;
				DEVELOPMENT_TEAM = 7P5U4N4C5Z;
				GENERATE_INFOPLIST_FILE = YES;
				INFOPLIST_FILE = "Jip-coon/Info.plist";
				INFOPLIST_KEY_UIApplicationSupportsIndirectInputEvents = YES;
				INFOPLIST_KEY_UILaunchStoryboardName = LaunchScreen;
				INFOPLIST_KEY_UIMainStoryboardFile = Main;
				INFOPLIST_KEY_UISupportedInterfaceOrientations_iPad = "UIInterfaceOrientationPortrait UIInterfaceOrientationPortraitUpsideDown UIInterfaceOrientationLandscapeLeft UIInterfaceOrientationLandscapeRight";
				INFOPLIST_KEY_UISupportedInterfaceOrientations_iPhone = "UIInterfaceOrientationPortrait UIInterfaceOrientationLandscapeLeft UIInterfaceOrientationLandscapeRight";
				LD_RUNPATH_SEARCH_PATHS = (
					"$(inherited)",
					"@executable_path/Frameworks",
				);
				MARKETING_VERSION = 1.0;
				PRODUCT_BUNDLE_IDENTIFIER = "kr.gwanson.Jip-coon";
				PRODUCT_NAME = "$(TARGET_NAME)";
				SWIFT_EMIT_LOC_STRINGS = YES;
				SWIFT_VERSION = 5.0;
				TARGETED_DEVICE_FAMILY = "1,2";
			};
			name = Debug;
		};
		9F6EC6682E4DCC8600E11424 /* Release */ = {
			isa = XCBuildConfiguration;
			buildSettings = {
				ASSETCATALOG_COMPILER_APPICON_NAME = AppIcon;
				ASSETCATALOG_COMPILER_GLOBAL_ACCENT_COLOR_NAME = AccentColor;
				CODE_SIGN_STYLE = Automatic;
				CURRENT_PROJECT_VERSION = 1;
				DEVELOPMENT_TEAM = 7P5U4N4C5Z;
				GENERATE_INFOPLIST_FILE = YES;
				INFOPLIST_FILE = "Jip-coon/Info.plist";
				INFOPLIST_KEY_UIApplicationSupportsIndirectInputEvents = YES;
				INFOPLIST_KEY_UILaunchStoryboardName = LaunchScreen;
				INFOPLIST_KEY_UIMainStoryboardFile = Main;
				INFOPLIST_KEY_UISupportedInterfaceOrientations_iPad = "UIInterfaceOrientationPortrait UIInterfaceOrientationPortraitUpsideDown UIInterfaceOrientationLandscapeLeft UIInterfaceOrientationLandscapeRight";
				INFOPLIST_KEY_UISupportedInterfaceOrientations_iPhone = "UIInterfaceOrientationPortrait UIInterfaceOrientationLandscapeLeft UIInterfaceOrientationLandscapeRight";
				LD_RUNPATH_SEARCH_PATHS = (
					"$(inherited)",
					"@executable_path/Frameworks",
				);
				MARKETING_VERSION = 1.0;
				PRODUCT_BUNDLE_IDENTIFIER = "kr.gwanson.Jip-coon";
				PRODUCT_NAME = "$(TARGET_NAME)";
				SWIFT_EMIT_LOC_STRINGS = YES;
				SWIFT_VERSION = 5.0;
				TARGETED_DEVICE_FAMILY = "1,2";
			};
			name = Release;
		};
		9F6EC6692E4DCC8600E11424 /* Debug */ = {
			isa = XCBuildConfiguration;
			buildSettings = {
				ALWAYS_SEARCH_USER_PATHS = NO;
				ASSETCATALOG_COMPILER_GENERATE_SWIFT_ASSET_SYMBOL_EXTENSIONS = YES;
				CLANG_ANALYZER_NONNULL = YES;
				CLANG_ANALYZER_NUMBER_OBJECT_CONVERSION = YES_AGGRESSIVE;
				CLANG_CXX_LANGUAGE_STANDARD = "gnu++20";
				CLANG_ENABLE_MODULES = YES;
				CLANG_ENABLE_OBJC_ARC = YES;
				CLANG_ENABLE_OBJC_WEAK = YES;
				CLANG_WARN_BLOCK_CAPTURE_AUTORELEASING = YES;
				CLANG_WARN_BOOL_CONVERSION = YES;
				CLANG_WARN_COMMA = YES;
				CLANG_WARN_CONSTANT_CONVERSION = YES;
				CLANG_WARN_DEPRECATED_OBJC_IMPLEMENTATIONS = YES;
				CLANG_WARN_DIRECT_OBJC_ISA_USAGE = YES_ERROR;
				CLANG_WARN_DOCUMENTATION_COMMENTS = YES;
				CLANG_WARN_EMPTY_BODY = YES;
				CLANG_WARN_ENUM_CONVERSION = YES;
				CLANG_WARN_INFINITE_RECURSION = YES;
				CLANG_WARN_INT_CONVERSION = YES;
				CLANG_WARN_NON_LITERAL_NULL_CONVERSION = YES;
				CLANG_WARN_OBJC_IMPLICIT_RETAIN_SELF = YES;
				CLANG_WARN_OBJC_LITERAL_CONVERSION = YES;
				CLANG_WARN_OBJC_ROOT_CLASS = YES_ERROR;
				CLANG_WARN_QUOTED_INCLUDE_IN_FRAMEWORK_HEADER = YES;
				CLANG_WARN_RANGE_LOOP_ANALYSIS = YES;
				CLANG_WARN_STRICT_PROTOTYPES = YES;
				CLANG_WARN_SUSPICIOUS_MOVE = YES;
				CLANG_WARN_UNGUARDED_AVAILABILITY = YES_AGGRESSIVE;
				CLANG_WARN_UNREACHABLE_CODE = YES;
				CLANG_WARN__DUPLICATE_METHOD_MATCH = YES;
				COPY_PHASE_STRIP = NO;
				DEBUG_INFORMATION_FORMAT = dwarf;
				DEVELOPMENT_TEAM = 7P5U4N4C5Z;
				ENABLE_STRICT_OBJC_MSGSEND = YES;
				ENABLE_TESTABILITY = YES;
				ENABLE_USER_SCRIPT_SANDBOXING = YES;
				GCC_C_LANGUAGE_STANDARD = gnu17;
				GCC_DYNAMIC_NO_PIC = NO;
				GCC_NO_COMMON_BLOCKS = YES;
				GCC_OPTIMIZATION_LEVEL = 0;
				GCC_PREPROCESSOR_DEFINITIONS = (
					"DEBUG=1",
					"$(inherited)",
				);
				GCC_WARN_64_TO_32_BIT_CONVERSION = YES;
				GCC_WARN_ABOUT_RETURN_TYPE = YES_ERROR;
				GCC_WARN_UNDECLARED_SELECTOR = YES;
				GCC_WARN_UNINITIALIZED_AUTOS = YES_AGGRESSIVE;
				GCC_WARN_UNUSED_FUNCTION = YES;
				GCC_WARN_UNUSED_VARIABLE = YES;
				IPHONEOS_DEPLOYMENT_TARGET = 18.5;
				LOCALIZATION_PREFERS_STRING_CATALOGS = YES;
				MTL_ENABLE_DEBUG_INFO = INCLUDE_SOURCE;
				MTL_FAST_MATH = YES;
				ONLY_ACTIVE_ARCH = YES;
				SDKROOT = iphoneos;
				SWIFT_ACTIVE_COMPILATION_CONDITIONS = "DEBUG $(inherited)";
				SWIFT_OPTIMIZATION_LEVEL = "-Onone";
			};
			name = Debug;
		};
		9F6EC66A2E4DCC8600E11424 /* Release */ = {
			isa = XCBuildConfiguration;
			buildSettings = {
				ALWAYS_SEARCH_USER_PATHS = NO;
				ASSETCATALOG_COMPILER_GENERATE_SWIFT_ASSET_SYMBOL_EXTENSIONS = YES;
				CLANG_ANALYZER_NONNULL = YES;
				CLANG_ANALYZER_NUMBER_OBJECT_CONVERSION = YES_AGGRESSIVE;
				CLANG_CXX_LANGUAGE_STANDARD = "gnu++20";
				CLANG_ENABLE_MODULES = YES;
				CLANG_ENABLE_OBJC_ARC = YES;
				CLANG_ENABLE_OBJC_WEAK = YES;
				CLANG_WARN_BLOCK_CAPTURE_AUTORELEASING = YES;
				CLANG_WARN_BOOL_CONVERSION = YES;
				CLANG_WARN_COMMA = YES;
				CLANG_WARN_CONSTANT_CONVERSION = YES;
				CLANG_WARN_DEPRECATED_OBJC_IMPLEMENTATIONS = YES;
				CLANG_WARN_DIRECT_OBJC_ISA_USAGE = YES_ERROR;
				CLANG_WARN_DOCUMENTATION_COMMENTS = YES;
				CLANG_WARN_EMPTY_BODY = YES;
				CLANG_WARN_ENUM_CONVERSION = YES;
				CLANG_WARN_INFINITE_RECURSION = YES;
				CLANG_WARN_INT_CONVERSION = YES;
				CLANG_WARN_NON_LITERAL_NULL_CONVERSION = YES;
				CLANG_WARN_OBJC_IMPLICIT_RETAIN_SELF = YES;
				CLANG_WARN_OBJC_LITERAL_CONVERSION = YES;
				CLANG_WARN_OBJC_ROOT_CLASS = YES_ERROR;
				CLANG_WARN_QUOTED_INCLUDE_IN_FRAMEWORK_HEADER = YES;
				CLANG_WARN_RANGE_LOOP_ANALYSIS = YES;
				CLANG_WARN_STRICT_PROTOTYPES = YES;
				CLANG_WARN_SUSPICIOUS_MOVE = YES;
				CLANG_WARN_UNGUARDED_AVAILABILITY = YES_AGGRESSIVE;
				CLANG_WARN_UNREACHABLE_CODE = YES;
				CLANG_WARN__DUPLICATE_METHOD_MATCH = YES;
				COPY_PHASE_STRIP = NO;
				DEBUG_INFORMATION_FORMAT = "dwarf-with-dsym";
				DEVELOPMENT_TEAM = 7P5U4N4C5Z;
				ENABLE_NS_ASSERTIONS = NO;
				ENABLE_STRICT_OBJC_MSGSEND = YES;
				ENABLE_USER_SCRIPT_SANDBOXING = YES;
				GCC_C_LANGUAGE_STANDARD = gnu17;
				GCC_NO_COMMON_BLOCKS = YES;
				GCC_WARN_64_TO_32_BIT_CONVERSION = YES;
				GCC_WARN_ABOUT_RETURN_TYPE = YES_ERROR;
				GCC_WARN_UNDECLARED_SELECTOR = YES;
				GCC_WARN_UNINITIALIZED_AUTOS = YES_AGGRESSIVE;
				GCC_WARN_UNUSED_FUNCTION = YES;
				GCC_WARN_UNUSED_VARIABLE = YES;
				IPHONEOS_DEPLOYMENT_TARGET = 18.5;
				LOCALIZATION_PREFERS_STRING_CATALOGS = YES;
				MTL_ENABLE_DEBUG_INFO = NO;
				MTL_FAST_MATH = YES;
				SDKROOT = iphoneos;
				SWIFT_COMPILATION_MODE = wholemodule;
				VALIDATE_PRODUCT = YES;
			};
			name = Release;
		};
		9F6EC66C2E4DCC8600E11424 /* Debug */ = {
			isa = XCBuildConfiguration;
			buildSettings = {
				BUNDLE_LOADER = "$(TEST_HOST)";
				CODE_SIGN_STYLE = Automatic;
				CURRENT_PROJECT_VERSION = 1;
				DEVELOPMENT_TEAM = 7P5U4N4C5Z;
				GENERATE_INFOPLIST_FILE = YES;
				IPHONEOS_DEPLOYMENT_TARGET = 18.5;
				MARKETING_VERSION = 1.0;
				PRODUCT_BUNDLE_IDENTIFIER = "kr.gwanson.Jip-coonTests";
				PRODUCT_NAME = "$(TARGET_NAME)";
				SWIFT_EMIT_LOC_STRINGS = NO;
				SWIFT_VERSION = 5.0;
				TARGETED_DEVICE_FAMILY = "1,2";
				TEST_HOST = "$(BUILT_PRODUCTS_DIR)/Jip-coon.app/$(BUNDLE_EXECUTABLE_FOLDER_PATH)/Jip-coon";
			};
			name = Debug;
		};
		9F6EC66D2E4DCC8600E11424 /* Release */ = {
			isa = XCBuildConfiguration;
			buildSettings = {
				BUNDLE_LOADER = "$(TEST_HOST)";
				CODE_SIGN_STYLE = Automatic;
				CURRENT_PROJECT_VERSION = 1;
				DEVELOPMENT_TEAM = 7P5U4N4C5Z;
				GENERATE_INFOPLIST_FILE = YES;
				IPHONEOS_DEPLOYMENT_TARGET = 18.5;
				MARKETING_VERSION = 1.0;
				PRODUCT_BUNDLE_IDENTIFIER = "kr.gwanson.Jip-coonTests";
				PRODUCT_NAME = "$(TARGET_NAME)";
				SWIFT_EMIT_LOC_STRINGS = NO;
				SWIFT_VERSION = 5.0;
				TARGETED_DEVICE_FAMILY = "1,2";
				TEST_HOST = "$(BUILT_PRODUCTS_DIR)/Jip-coon.app/$(BUNDLE_EXECUTABLE_FOLDER_PATH)/Jip-coon";
			};
			name = Release;
		};
		9F6EC66F2E4DCC8600E11424 /* Debug */ = {
			isa = XCBuildConfiguration;
			buildSettings = {
				CODE_SIGN_STYLE = Automatic;
				CURRENT_PROJECT_VERSION = 1;
				DEVELOPMENT_TEAM = 7P5U4N4C5Z;
				GENERATE_INFOPLIST_FILE = YES;
				MARKETING_VERSION = 1.0;
				PRODUCT_BUNDLE_IDENTIFIER = "kr.gwanson.Jip-coonUITests";
				PRODUCT_NAME = "$(TARGET_NAME)";
				SWIFT_EMIT_LOC_STRINGS = NO;
				SWIFT_VERSION = 5.0;
				TARGETED_DEVICE_FAMILY = "1,2";
				TEST_TARGET_NAME = "Jip-coon";
			};
			name = Debug;
		};
		9F6EC6702E4DCC8600E11424 /* Release */ = {
			isa = XCBuildConfiguration;
			buildSettings = {
				CODE_SIGN_STYLE = Automatic;
				CURRENT_PROJECT_VERSION = 1;
				DEVELOPMENT_TEAM = 7P5U4N4C5Z;
				GENERATE_INFOPLIST_FILE = YES;
				MARKETING_VERSION = 1.0;
				PRODUCT_BUNDLE_IDENTIFIER = "kr.gwanson.Jip-coonUITests";
				PRODUCT_NAME = "$(TARGET_NAME)";
				SWIFT_EMIT_LOC_STRINGS = NO;
				SWIFT_VERSION = 5.0;
				TARGETED_DEVICE_FAMILY = "1,2";
				TEST_TARGET_NAME = "Jip-coon";
			};
			name = Release;
		};
/* End XCBuildConfiguration section */

/* Begin XCConfigurationList section */
		9F6EC6382E4DCC8400E11424 /* Build configuration list for PBXProject "Jip-coon" */ = {
			isa = XCConfigurationList;
			buildConfigurations = (
				9F6EC6692E4DCC8600E11424 /* Debug */,
				9F6EC66A2E4DCC8600E11424 /* Release */,
			);
			defaultConfigurationIsVisible = 0;
			defaultConfigurationName = Release;
		};
		9F6EC6662E4DCC8600E11424 /* Build configuration list for PBXNativeTarget "Jip-coon" */ = {
			isa = XCConfigurationList;
			buildConfigurations = (
				9F6EC6672E4DCC8600E11424 /* Debug */,
				9F6EC6682E4DCC8600E11424 /* Release */,
			);
			defaultConfigurationIsVisible = 0;
			defaultConfigurationName = Release;
		};
		9F6EC66B2E4DCC8600E11424 /* Build configuration list for PBXNativeTarget "Jip-coonTests" */ = {
			isa = XCConfigurationList;
			buildConfigurations = (
				9F6EC66C2E4DCC8600E11424 /* Debug */,
				9F6EC66D2E4DCC8600E11424 /* Release */,
			);
			defaultConfigurationIsVisible = 0;
			defaultConfigurationName = Release;
		};
		9F6EC66E2E4DCC8600E11424 /* Build configuration list for PBXNativeTarget "Jip-coonUITests" */ = {
			isa = XCConfigurationList;
			buildConfigurations = (
				9F6EC66F2E4DCC8600E11424 /* Debug */,
				9F6EC6702E4DCC8600E11424 /* Release */,
			);
			defaultConfigurationIsVisible = 0;
			defaultConfigurationName = Release;
		};
/* End XCConfigurationList section */
	};
	rootObject = 9F6EC6352E4DCC8400E11424 /* Project object */;
}
